
Microsoft Visual Studio Solution File, Format Version 12.00
# Visual Studio 15
VisualStudioVersion = 15.0.27428.2027
MinimumVisualStudioVersion = 10.0.40219.1
Project("{FAE04EC0-301F-11D3-BF4B-00C04F79EFBC}") = "MVC10-04", "MVC10-04\MVC10-04.csproj", "{F8349EE9-6566-4C7E-A15C-68F038EF262B}"
EndProject
Project("{FAE04EC0-301F-11D3-BF4B-00C04F79EFBC}") = "MVC10-04.Tests", "MVC10-04.Tests\MVC10-04.Tests.csproj", "{EE42A4B9-4C04-4E2A-950E-3206575DA439}"
EndProject
Global
	GlobalSection(SolutionConfigurationPlatforms) = preSolution
		Debug|Any CPU = Debug|Any CPU
		Release|Any CPU = Release|Any CPU
	EndGlobalSection
	GlobalSection(ProjectConfigurationPlatforms) = postSolution
		{F8349EE9-6566-4C7E-A15C-68F038EF262B}.Debug|Any CPU.ActiveCfg = Debug|Any CPU
		{F8349EE9-6566-4C7E-A15C-68F038EF262B}.Debug|Any CPU.Build.0 = Debug|Any CPU
		{F8349EE9-6566-4C7E-A15C-68F038EF262B}.Release|Any CPU.ActiveCfg = Release|Any CPU
		{F8349EE9-6566-4C7E-A15C-68F038EF262B}.Release|Any CPU.Build.0 = Release|Any CPU
		{EE42A4B9-4C04-4E2A-950E-3206575DA439}.Debug|Any CPU.ActiveCfg = Debug|Any CPU
		{EE42A4B9-4C04-4E2A-950E-3206575DA439}.Debug|Any CPU.Build.0 = Debug|Any CPU
		{EE42A4B9-4C04-4E2A-950E-3206575DA439}.Release|Any CPU.ActiveCfg = Release|Any CPU
		{EE42A4B9-4C04-4E2A-950E-3206575DA439}.Release|Any CPU.Build.0 = Release|Any CPU
	EndGlobalSection
	GlobalSection(SolutionProperties) = preSolution
		HideSolutionNode = FALSE
	EndGlobalSection
	GlobalSection(ExtensibilityGlobals) = postSolution
		SolutionGuid = {2990ABB8-69D6-4B50-B957-22A1AFBF4D7D}
	EndGlobalSection
EndGlobal
